
Microsoft Visual Studio Solution File, Format Version 12.00
# Visual Studio Version 17
VisualStudioVersion = 17.8.34525.116
MinimumVisualStudioVersion = 10.0.40219.1
Project("{FAE04EC0-301F-11D3-BF4B-00C04F79EFBC}") = "Lab4", "Lab4.csproj", "{28DE68E9-B79F-45E2-9475-DD7660B55708}"
EndProject
Global
	GlobalSection(SolutionConfigurationPlatforms) = preSolution
		Debug|Any CPU = Debug|Any CPU
		Release|Any CPU = Release|Any CPU
	EndGlobalSection
	GlobalSection(ProjectConfigurationPlatforms) = postSolution
		{28DE68E9-B79F-45E2-9475-DD7660B55708}.Debug|Any CPU.ActiveCfg = Debug|Any CPU
		{28DE68E9-B79F-45E2-9475-DD7660B55708}.Debug|Any CPU.Build.0 = Debug|Any CPU
		{28DE68E9-B79F-45E2-9475-DD7660B55708}.Release|Any CPU.ActiveCfg = Release|Any CPU
		{28DE68E9-B79F-45E2-9475-DD7660B55708}.Release|Any CPU.Build.0 = Release|Any CPU
	EndGlobalSection
	GlobalSection(SolutionProperties) = preSolution
		HideSolutionNode = FALSE
	EndGlobalSection
	GlobalSection(ExtensibilityGlobals) = postSolution
		SolutionGuid = {8A9E45E2-7EA4-4589-89D4-61A2BE969810}
	EndGlobalSection
EndGlobal
