
Microsoft Visual Studio Solution File, Format Version 12.00
# Visual Studio Version 17
VisualStudioVersion = 17.8.34330.188
MinimumVisualStudioVersion = 10.0.40219.1
Project("{FAE04EC0-301F-11D3-BF4B-00C04F79EFBC}") = "Lab2", "Lab2.csproj", "{B77C6154-62FD-46AB-972B-7B83848ABD15}"
EndProject
Global
	GlobalSection(SolutionConfigurationPlatforms) = preSolution
		Debug|Any CPU = Debug|Any CPU
		Release|Any CPU = Release|Any CPU
	EndGlobalSection
	GlobalSection(ProjectConfigurationPlatforms) = postSolution
		{B77C6154-62FD-46AB-972B-7B83848ABD15}.Debug|Any CPU.ActiveCfg = Debug|Any CPU
		{B77C6154-62FD-46AB-972B-7B83848ABD15}.Debug|Any CPU.Build.0 = Debug|Any CPU
		{B77C6154-62FD-46AB-972B-7B83848ABD15}.Release|Any CPU.ActiveCfg = Release|Any CPU
		{B77C6154-62FD-46AB-972B-7B83848ABD15}.Release|Any CPU.Build.0 = Release|Any CPU
	EndGlobalSection
	GlobalSection(SolutionProperties) = preSolution
		HideSolutionNode = FALSE
	EndGlobalSection
	GlobalSection(ExtensibilityGlobals) = postSolution
		SolutionGuid = {7F432406-C133-480B-B2A5-4A6FAA51C5E2}
	EndGlobalSection
EndGlobal
