
Microsoft Visual Studio Solution File, Format Version 12.00
# Visual Studio Version 17
VisualStudioVersion = 17.6.33815.320
MinimumVisualStudioVersion = 10.0.40219.1
Project("{9A19103F-16F7-4668-BE54-9A1E7A4F7556}") = "TestConsoleApp", "TestConsoleApp\TestConsoleApp.csproj", "{387F9EF3-1CB9-426C-A232-8AECA8E1B1ED}"
EndProject
Project("{FAE04EC0-301F-11D3-BF4B-00C04F79EFBC}") = "figures", "figures\figures.csproj", "{0D423BEB-DF15-4CB2-8C12-4C84723716A4}"
EndProject
Global
	GlobalSection(SolutionConfigurationPlatforms) = preSolution
		Debug|Any CPU = Debug|Any CPU
		Release|Any CPU = Release|Any CPU
	EndGlobalSection
	GlobalSection(ProjectConfigurationPlatforms) = postSolution
		{387F9EF3-1CB9-426C-A232-8AECA8E1B1ED}.Debug|Any CPU.ActiveCfg = Debug|Any CPU
		{387F9EF3-1CB9-426C-A232-8AECA8E1B1ED}.Debug|Any CPU.Build.0 = Debug|Any CPU
		{387F9EF3-1CB9-426C-A232-8AECA8E1B1ED}.Release|Any CPU.ActiveCfg = Release|Any CPU
		{387F9EF3-1CB9-426C-A232-8AECA8E1B1ED}.Release|Any CPU.Build.0 = Release|Any CPU
		{0D423BEB-DF15-4CB2-8C12-4C84723716A4}.Debug|Any CPU.ActiveCfg = Debug|Any CPU
		{0D423BEB-DF15-4CB2-8C12-4C84723716A4}.Debug|Any CPU.Build.0 = Debug|Any CPU
		{0D423BEB-DF15-4CB2-8C12-4C84723716A4}.Release|Any CPU.ActiveCfg = Release|Any CPU
		{0D423BEB-DF15-4CB2-8C12-4C84723716A4}.Release|Any CPU.Build.0 = Release|Any CPU
	EndGlobalSection
	GlobalSection(SolutionProperties) = preSolution
		HideSolutionNode = FALSE
	EndGlobalSection
	GlobalSection(ExtensibilityGlobals) = postSolution
		SolutionGuid = {FA753BAC-3CD1-45B3-84A7-C2A170DF5E21}
	EndGlobalSection
EndGlobal
